
Microsoft Visual Studio Solution File, Format Version 12.00
# Visual Studio 15
VisualStudioVersion = 15.0.27428.2015
MinimumVisualStudioVersion = 10.0.40219.1
Project("{FAE04EC0-301F-11D3-BF4B-00C04F79EFBC}") = "01.08(AdditionalRepositoryMethods)", "01.08(AdditionalRepositoryMethods)\01.08(AdditionalRepositoryMethods).csproj", "{44AC6A7E-6558-42CC-AA86-43BB574C8826}"
EndProject
Global
	GlobalSection(SolutionConfigurationPlatforms) = preSolution
		Debug|Any CPU = Debug|Any CPU
		Release|Any CPU = Release|Any CPU
	EndGlobalSection
	GlobalSection(ProjectConfigurationPlatforms) = postSolution
		{44AC6A7E-6558-42CC-AA86-43BB574C8826}.Debug|Any CPU.ActiveCfg = Debug|Any CPU
		{44AC6A7E-6558-42CC-AA86-43BB574C8826}.Debug|Any CPU.Build.0 = Debug|Any CPU
		{44AC6A7E-6558-42CC-AA86-43BB574C8826}.Release|Any CPU.ActiveCfg = Release|Any CPU
		{44AC6A7E-6558-42CC-AA86-43BB574C8826}.Release|Any CPU.Build.0 = Release|Any CPU
	EndGlobalSection
	GlobalSection(SolutionProperties) = preSolution
		HideSolutionNode = FALSE
	EndGlobalSection
	GlobalSection(ExtensibilityGlobals) = postSolution
		SolutionGuid = {52C6E6DB-C42A-4075-ADBC-BC4F4A5EE4B9}
	EndGlobalSection
EndGlobal
